// !$*UTF8*$!
{
	archiveVersion = 1;
	classes = {
	};
	objectVersion = 55;
	objects = {

/* Begin PBXBuildFile section */
		BB5BB14029B0F1CC00675506 /* Popen in Frameworks */ = {isa = PBXBuildFile; productRef = BB5BB13F29B0F1CC00675506 /* Popen */; };
		BBA0E22F292A4FDF00A7E1B5 /* CompilertronApp.swift in Sources */ = {isa = PBXBuildFile; fileRef = BBA0E22E292A4FDF00A7E1B5 /* CompilertronApp.swift */; };
		BBA0E231292A4FDF00A7E1B5 /* ContentView.swift in Sources */ = {isa = PBXBuildFile; fileRef = BBA0E230292A4FDF00A7E1B5 /* ContentView.swift */; };
		BBA0E233292A4FE000A7E1B5 /* Assets.xcassets in Resources */ = {isa = PBXBuildFile; fileRef = BBA0E232292A4FE000A7E1B5 /* Assets.xcassets */; };
		BBA0E236292A4FE000A7E1B5 /* Preview Assets.xcassets in Resources */ = {isa = PBXBuildFile; fileRef = BBA0E235292A4FE000A7E1B5 /* Preview Assets.xcassets */; };
		BBA0E23E292A512600A7E1B5 /* FileWatcher.swift in Sources */ = {isa = PBXBuildFile; fileRef = BBA0E23D292A512600A7E1B5 /* FileWatcher.swift */; };
		BBA0E240292A9E0C00A7E1B5 /* Recompiler.swift in Sources */ = {isa = PBXBuildFile; fileRef = BBA0E23F292A9E0C00A7E1B5 /* Recompiler.swift */; };
		BBA0E247292AB6BC00A7E1B5 /* compilertron.cpp in Sources */ = {isa = PBXBuildFile; fileRef = BBA0E245292AB6BC00A7E1B5 /* compilertron.cpp */; };
		BBA0E249292B909700A7E1B5 /* README.md in Resources */ = {isa = PBXBuildFile; fileRef = BBA0E248292B909700A7E1B5 /* README.md */; };
/* End PBXBuildFile section */

/* Begin PBXFileReference section */
		BBA0E22B292A4FDF00A7E1B5 /* Compilertron.app */ = {isa = PBXFileReference; explicitFileType = wrapper.application; includeInIndex = 0; path = Compilertron.app; sourceTree = BUILT_PRODUCTS_DIR; };
		BBA0E22E292A4FDF00A7E1B5 /* CompilertronApp.swift */ = {isa = PBXFileReference; lastKnownFileType = sourcecode.swift; path = CompilertronApp.swift; sourceTree = "<group>"; };
		BBA0E230292A4FDF00A7E1B5 /* ContentView.swift */ = {isa = PBXFileReference; lastKnownFileType = sourcecode.swift; path = ContentView.swift; sourceTree = "<group>"; };
		BBA0E232292A4FE000A7E1B5 /* Assets.xcassets */ = {isa = PBXFileReference; lastKnownFileType = folder.assetcatalog; path = Assets.xcassets; sourceTree = "<group>"; };
		BBA0E235292A4FE000A7E1B5 /* Preview Assets.xcassets */ = {isa = PBXFileReference; lastKnownFileType = folder.assetcatalog; path = "Preview Assets.xcassets"; sourceTree = "<group>"; };
		BBA0E237292A4FE000A7E1B5 /* Compilertron.entitlements */ = {isa = PBXFileReference; lastKnownFileType = text.plist.entitlements; path = Compilertron.entitlements; sourceTree = "<group>"; };
		BBA0E23D292A512600A7E1B5 /* FileWatcher.swift */ = {isa = PBXFileReference; fileEncoding = 4; lastKnownFileType = sourcecode.swift; path = FileWatcher.swift; sourceTree = "<group>"; };
		BBA0E23F292A9E0C00A7E1B5 /* Recompiler.swift */ = {isa = PBXFileReference; lastKnownFileType = sourcecode.swift; path = Recompiler.swift; sourceTree = "<group>"; };
		BBA0E241292AB67700A7E1B5 /* Compilertron-Bridging-Header.h */ = {isa = PBXFileReference; lastKnownFileType = sourcecode.c.h; path = "Compilertron-Bridging-Header.h"; sourceTree = "<group>"; };
		BBA0E242292AB67700A7E1B5 /* fishhook.cpp */ = {isa = PBXFileReference; fileEncoding = 4; lastKnownFileType = sourcecode.cpp.cpp; path = fishhook.cpp; sourceTree = "<group>"; };
		BBA0E244292AB69200A7E1B5 /* fishhook.h */ = {isa = PBXFileReference; fileEncoding = 4; lastKnownFileType = sourcecode.c.h; path = fishhook.h; sourceTree = "<group>"; };
		BBA0E245292AB6BC00A7E1B5 /* compilertron.cpp */ = {isa = PBXFileReference; lastKnownFileType = sourcecode.cpp.cpp; path = compilertron.cpp; sourceTree = "<group>"; };
		BBA0E246292AB6BC00A7E1B5 /* compilertron.hpp */ = {isa = PBXFileReference; lastKnownFileType = sourcecode.cpp.h; path = compilertron.hpp; sourceTree = "<group>"; };
		BBA0E248292B909700A7E1B5 /* README.md */ = {isa = PBXFileReference; fileEncoding = 4; lastKnownFileType = net.daringfireball.markdown; path = README.md; sourceTree = "<group>"; };
/* End PBXFileReference section */

/* Begin PBXFrameworksBuildPhase section */
		BBA0E228292A4FDF00A7E1B5 /* Frameworks */ = {
			isa = PBXFrameworksBuildPhase;
			buildActionMask = 2147483647;
			files = (
				BB5BB14029B0F1CC00675506 /* Popen in Frameworks */,
			);
			runOnlyForDeploymentPostprocessing = 0;
		};
/* End PBXFrameworksBuildPhase section */

/* Begin PBXGroup section */
		BBA0E222292A4FDF00A7E1B5 = {
			isa = PBXGroup;
			children = (
				BBA0E248292B909700A7E1B5 /* README.md */,
				BBA0E22D292A4FDF00A7E1B5 /* Compilertron */,
				BBA0E22C292A4FDF00A7E1B5 /* Products */,
			);
			sourceTree = "<group>";
		};
		BBA0E22C292A4FDF00A7E1B5 /* Products */ = {
			isa = PBXGroup;
			children = (
				BBA0E22B292A4FDF00A7E1B5 /* Compilertron.app */,
			);
			name = Products;
			sourceTree = "<group>";
		};
		BBA0E22D292A4FDF00A7E1B5 /* Compilertron */ = {
			isa = PBXGroup;
			children = (
				BBA0E23F292A9E0C00A7E1B5 /* Recompiler.swift */,
				BBA0E23D292A512600A7E1B5 /* FileWatcher.swift */,
				BBA0E22E292A4FDF00A7E1B5 /* CompilertronApp.swift */,
				BBA0E230292A4FDF00A7E1B5 /* ContentView.swift */,
				BBA0E246292AB6BC00A7E1B5 /* compilertron.hpp */,
				BBA0E245292AB6BC00A7E1B5 /* compilertron.cpp */,
				BBA0E244292AB69200A7E1B5 /* fishhook.h */,
				BBA0E242292AB67700A7E1B5 /* fishhook.cpp */,
				BBA0E232292A4FE000A7E1B5 /* Assets.xcassets */,
				BBA0E237292A4FE000A7E1B5 /* Compilertron.entitlements */,
				BBA0E234292A4FE000A7E1B5 /* Preview Content */,
				BBA0E241292AB67700A7E1B5 /* Compilertron-Bridging-Header.h */,
			);
			path = Compilertron;
			sourceTree = "<group>";
		};
		BBA0E234292A4FE000A7E1B5 /* Preview Content */ = {
			isa = PBXGroup;
			children = (
				BBA0E235292A4FE000A7E1B5 /* Preview Assets.xcassets */,
			);
			path = "Preview Content";
			sourceTree = "<group>";
		};
/* End PBXGroup section */

/* Begin PBXNativeTarget section */
		BBA0E22A292A4FDF00A7E1B5 /* Compilertron */ = {
			isa = PBXNativeTarget;
			buildConfigurationList = BBA0E23A292A4FE000A7E1B5 /* Build configuration list for PBXNativeTarget "Compilertron" */;
			buildPhases = (
				BBA0E227292A4FDF00A7E1B5 /* Sources */,
				BBA0E228292A4FDF00A7E1B5 /* Frameworks */,
				BBA0E229292A4FDF00A7E1B5 /* Resources */,
			);
			buildRules = (
			);
			dependencies = (
			);
			name = Compilertron;
			packageProductDependencies = (
				BB5BB13F29B0F1CC00675506 /* Popen */,
			);
			productName = Compilertron;
			productReference = BBA0E22B292A4FDF00A7E1B5 /* Compilertron.app */;
			productType = "com.apple.product-type.application";
		};
/* End PBXNativeTarget section */

/* Begin PBXProject section */
		BBA0E223292A4FDF00A7E1B5 /* Project object */ = {
			isa = PBXProject;
			attributes = {
				BuildIndependentTargetsInParallel = 1;
				LastSwiftUpdateCheck = 1340;
				LastUpgradeCheck = 1340;
				TargetAttributes = {
					BBA0E22A292A4FDF00A7E1B5 = {
						CreatedOnToolsVersion = 13.4.1;
						LastSwiftMigration = 1340;
					};
				};
			};
			buildConfigurationList = BBA0E226292A4FDF00A7E1B5 /* Build configuration list for PBXProject "Compilertron" */;
			compatibilityVersion = "Xcode 13.0";
			developmentRegion = en;
			hasScannedForEncodings = 0;
			knownRegions = (
				en,
				Base,
			);
			mainGroup = BBA0E222292A4FDF00A7E1B5;
			packageReferences = (
				BB5BB13E29B0F1CC00675506 /* XCRemoteSwiftPackageReference "Popen" */,
			);
			productRefGroup = BBA0E22C292A4FDF00A7E1B5 /* Products */;
			projectDirPath = "";
			projectRoot = "";
			targets = (
				BBA0E22A292A4FDF00A7E1B5 /* Compilertron */,
			);
		};
/* End PBXProject section */

/* Begin PBXResourcesBuildPhase section */
		BBA0E229292A4FDF00A7E1B5 /* Resources */ = {
			isa = PBXResourcesBuildPhase;
			buildActionMask = 2147483647;
			files = (
				BBA0E249292B909700A7E1B5 /* README.md in Resources */,
				BBA0E236292A4FE000A7E1B5 /* Preview Assets.xcassets in Resources */,
				BBA0E233292A4FE000A7E1B5 /* Assets.xcassets in Resources */,
			);
			runOnlyForDeploymentPostprocessing = 0;
		};
/* End PBXResourcesBuildPhase section */

/* Begin PBXSourcesBuildPhase section */
		BBA0E227292A4FDF00A7E1B5 /* Sources */ = {
			isa = PBXSourcesBuildPhase;
			buildActionMask = 2147483647;
			files = (
				BBA0E231292A4FDF00A7E1B5 /* ContentView.swift in Sources */,
				BBA0E240292A9E0C00A7E1B5 /* Recompiler.swift in Sources */,
				BBA0E22F292A4FDF00A7E1B5 /* CompilertronApp.swift in Sources */,
				BBA0E23E292A512600A7E1B5 /* FileWatcher.swift in Sources */,
				BBA0E247292AB6BC00A7E1B5 /* compilertron.cpp in Sources */,
			);
			runOnlyForDeploymentPostprocessing = 0;
		};
/* End PBXSourcesBuildPhase section */

/* Begin XCBuildConfiguration section */
		BBA0E238292A4FE000A7E1B5 /* Debug */ = {
			isa = XCBuildConfiguration;
			buildSettings = {
				ALWAYS_SEARCH_USER_PATHS = NO;
				CLANG_ANALYZER_NONNULL = YES;
				CLANG_ANALYZER_NUMBER_OBJECT_CONVERSION = YES_AGGRESSIVE;
				CLANG_CXX_LANGUAGE_STANDARD = "gnu++17";
				CLANG_ENABLE_MODULES = YES;
				CLANG_ENABLE_OBJC_ARC = YES;
				CLANG_ENABLE_OBJC_WEAK = YES;
				CLANG_WARN_BLOCK_CAPTURE_AUTORELEASING = YES;
				CLANG_WARN_BOOL_CONVERSION = YES;
				CLANG_WARN_COMMA = YES;
				CLANG_WARN_CONSTANT_CONVERSION = YES;
				CLANG_WARN_DEPRECATED_OBJC_IMPLEMENTATIONS = YES;
				CLANG_WARN_DIRECT_OBJC_ISA_USAGE = YES_ERROR;
				CLANG_WARN_DOCUMENTATION_COMMENTS = YES;
				CLANG_WARN_EMPTY_BODY = YES;
				CLANG_WARN_ENUM_CONVERSION = YES;
				CLANG_WARN_INFINITE_RECURSION = YES;
				CLANG_WARN_INT_CONVERSION = YES;
				CLANG_WARN_NON_LITERAL_NULL_CONVERSION = YES;
				CLANG_WARN_OBJC_IMPLICIT_RETAIN_SELF = YES;
				CLANG_WARN_OBJC_LITERAL_CONVERSION = YES;
				CLANG_WARN_OBJC_ROOT_CLASS = YES_ERROR;
				CLANG_WARN_QUOTED_INCLUDE_IN_FRAMEWORK_HEADER = YES;
				CLANG_WARN_RANGE_LOOP_ANALYSIS = YES;
				CLANG_WARN_STRICT_PROTOTYPES = YES;
				CLANG_WARN_SUSPICIOUS_MOVE = YES;
				CLANG_WARN_UNGUARDED_AVAILABILITY = YES_AGGRESSIVE;
				CLANG_WARN_UNREACHABLE_CODE = YES;
				CLANG_WARN__DUPLICATE_METHOD_MATCH = YES;
				COPY_PHASE_STRIP = NO;
				DEBUG_INFORMATION_FORMAT = dwarf;
				ENABLE_STRICT_OBJC_MSGSEND = YES;
				ENABLE_TESTABILITY = YES;
				GCC_C_LANGUAGE_STANDARD = gnu11;
				GCC_DYNAMIC_NO_PIC = NO;
				GCC_NO_COMMON_BLOCKS = YES;
				GCC_OPTIMIZATION_LEVEL = 0;
				GCC_PREPROCESSOR_DEFINITIONS = (
					"DEBUG=1",
					"$(inherited)",
				);
				GCC_WARN_64_TO_32_BIT_CONVERSION = YES;
				GCC_WARN_ABOUT_RETURN_TYPE = YES_ERROR;
				GCC_WARN_UNDECLARED_SELECTOR = YES;
				GCC_WARN_UNINITIALIZED_AUTOS = YES_AGGRESSIVE;
				GCC_WARN_UNUSED_FUNCTION = YES;
				GCC_WARN_UNUSED_VARIABLE = YES;
				MACOSX_DEPLOYMENT_TARGET = 12.3;
				MTL_ENABLE_DEBUG_INFO = INCLUDE_SOURCE;
				MTL_FAST_MATH = YES;
				ONLY_ACTIVE_ARCH = YES;
				SDKROOT = macosx;
				SWIFT_ACTIVE_COMPILATION_CONDITIONS = DEBUG;
				SWIFT_OPTIMIZATION_LEVEL = "-Onone";
			};
			name = Debug;
		};
		BBA0E239292A4FE000A7E1B5 /* Release */ = {
			isa = XCBuildConfiguration;
			buildSettings = {
				ALWAYS_SEARCH_USER_PATHS = NO;
				CLANG_ANALYZER_NONNULL = YES;
				CLANG_ANALYZER_NUMBER_OBJECT_CONVERSION = YES_AGGRESSIVE;
				CLANG_CXX_LANGUAGE_STANDARD = "gnu++17";
				CLANG_ENABLE_MODULES = YES;
				CLANG_ENABLE_OBJC_ARC = YES;
				CLANG_ENABLE_OBJC_WEAK = YES;
				CLANG_WARN_BLOCK_CAPTURE_AUTORELEASING = YES;
				CLANG_WARN_BOOL_CONVERSION = YES;
				CLANG_WARN_COMMA = YES;
				CLANG_WARN_CONSTANT_CONVERSION = YES;
				CLANG_WARN_DEPRECATED_OBJC_IMPLEMENTATIONS = YES;
				CLANG_WARN_DIRECT_OBJC_ISA_USAGE = YES_ERROR;
				CLANG_WARN_DOCUMENTATION_COMMENTS = YES;
				CLANG_WARN_EMPTY_BODY = YES;
				CLANG_WARN_ENUM_CONVERSION = YES;
				CLANG_WARN_INFINITE_RECURSION = YES;
				CLANG_WARN_INT_CONVERSION = YES;
				CLANG_WARN_NON_LITERAL_NULL_CONVERSION = YES;
				CLANG_WARN_OBJC_IMPLICIT_RETAIN_SELF = YES;
				CLANG_WARN_OBJC_LITERAL_CONVERSION = YES;
				CLANG_WARN_OBJC_ROOT_CLASS = YES_ERROR;
				CLANG_WARN_QUOTED_INCLUDE_IN_FRAMEWORK_HEADER = YES;
				CLANG_WARN_RANGE_LOOP_ANALYSIS = YES;
				CLANG_WARN_STRICT_PROTOTYPES = YES;
				CLANG_WARN_SUSPICIOUS_MOVE = YES;
				CLANG_WARN_UNGUARDED_AVAILABILITY = YES_AGGRESSIVE;
				CLANG_WARN_UNREACHABLE_CODE = YES;
				CLANG_WARN__DUPLICATE_METHOD_MATCH = YES;
				COPY_PHASE_STRIP = NO;
				DEBUG_INFORMATION_FORMAT = "dwarf-with-dsym";
				ENABLE_NS_ASSERTIONS = NO;
				ENABLE_STRICT_OBJC_MSGSEND = YES;
				GCC_C_LANGUAGE_STANDARD = gnu11;
				GCC_NO_COMMON_BLOCKS = YES;
				GCC_WARN_64_TO_32_BIT_CONVERSION = YES;
				GCC_WARN_ABOUT_RETURN_TYPE = YES_ERROR;
				GCC_WARN_UNDECLARED_SELECTOR = YES;
				GCC_WARN_UNINITIALIZED_AUTOS = YES_AGGRESSIVE;
				GCC_WARN_UNUSED_FUNCTION = YES;
				GCC_WARN_UNUSED_VARIABLE = YES;
				MACOSX_DEPLOYMENT_TARGET = 12.3;
				MTL_ENABLE_DEBUG_INFO = NO;
				MTL_FAST_MATH = YES;
				SDKROOT = macosx;
				SWIFT_COMPILATION_MODE = wholemodule;
				SWIFT_OPTIMIZATION_LEVEL = "-O";
			};
			name = Release;
		};
		BBA0E23B292A4FE000A7E1B5 /* Debug */ = {
			isa = XCBuildConfiguration;
			buildSettings = {
				ASSETCATALOG_COMPILER_APPICON_NAME = AppIcon;
				ASSETCATALOG_COMPILER_GLOBAL_ACCENT_COLOR_NAME = AccentColor;
				CLANG_ENABLE_MODULES = YES;
				CODE_SIGN_ENTITLEMENTS = Compilertron/Compilertron.entitlements;
				CODE_SIGN_STYLE = Automatic;
				COMBINE_HIDPI_IMAGES = YES;
				CURRENT_PROJECT_VERSION = 1;
				DEVELOPMENT_ASSET_PATHS = "\"Compilertron/Preview Content\"";
				ENABLE_PREVIEWS = YES;
				GENERATE_INFOPLIST_FILE = YES;
				INFOPLIST_KEY_NSHumanReadableCopyright = "";
				LD_RUNPATH_SEARCH_PATHS = (
					"$(inherited)",
					"@executable_path/../Frameworks",
				);
				MARKETING_VERSION = 1.0;
				PRODUCT_BUNDLE_IDENTIFIER = com.johnholdsworth.Compilertron;
				PRODUCT_NAME = "$(TARGET_NAME)";
				SWIFT_EMIT_LOC_STRINGS = YES;
				SWIFT_OBJC_BRIDGING_HEADER = "Compilertron/Compilertron-Bridging-Header.h";
				SWIFT_OPTIMIZATION_LEVEL = "-Onone";
				SWIFT_VERSION = 5.0;
			};
			name = Debug;
		};
		BBA0E23C292A4FE000A7E1B5 /* Release */ = {
			isa = XCBuildConfiguration;
			buildSettings = {
				ASSETCATALOG_COMPILER_APPICON_NAME = AppIcon;
				ASSETCATALOG_COMPILER_GLOBAL_ACCENT_COLOR_NAME = AccentColor;
				CLANG_ENABLE_MODULES = YES;
				CODE_SIGN_ENTITLEMENTS = Compilertron/Compilertron.entitlements;
				CODE_SIGN_STYLE = Automatic;
				COMBINE_HIDPI_IMAGES = YES;
				CURRENT_PROJECT_VERSION = 1;
				DEVELOPMENT_ASSET_PATHS = "\"Compilertron/Preview Content\"";
				ENABLE_PREVIEWS = YES;
				GENERATE_INFOPLIST_FILE = YES;
				INFOPLIST_KEY_NSHumanReadableCopyright = "";
				LD_RUNPATH_SEARCH_PATHS = (
					"$(inherited)",
					"@executable_path/../Frameworks",
				);
				MARKETING_VERSION = 1.0;
				PRODUCT_BUNDLE_IDENTIFIER = com.johnholdsworth.Compilertron;
				PRODUCT_NAME = "$(TARGET_NAME)";
				SWIFT_EMIT_LOC_STRINGS = YES;
				SWIFT_OBJC_BRIDGING_HEADER = "Compilertron/Compilertron-Bridging-Header.h";
				SWIFT_VERSION = 5.0;
			};
			name = Release;
		};
/* End XCBuildConfiguration section */

/* Begin XCConfigurationList section */
		BBA0E226292A4FDF00A7E1B5 /* Build configuration list for PBXProject "Compilertron" */ = {
			isa = XCConfigurationList;
			buildConfigurations = (
				BBA0E238292A4FE000A7E1B5 /* Debug */,
				BBA0E239292A4FE000A7E1B5 /* Release */,
			);
			defaultConfigurationIsVisible = 0;
			defaultConfigurationName = Release;
		};
		BBA0E23A292A4FE000A7E1B5 /* Build configuration list for PBXNativeTarget "Compilertron" */ = {
			isa = XCConfigurationList;
			buildConfigurations = (
				BBA0E23B292A4FE000A7E1B5 /* Debug */,
				BBA0E23C292A4FE000A7E1B5 /* Release */,
			);
			defaultConfigurationIsVisible = 0;
			defaultConfigurationName = Release;
		};
/* End XCConfigurationList section */

/* Begin XCRemoteSwiftPackageReference section */
		BB5BB13E29B0F1CC00675506 /* XCRemoteSwiftPackageReference "Popen" */ = {
			isa = XCRemoteSwiftPackageReference;
			repositoryURL = "https://github.com/johnno1962/Popen";
			requirement = {
				branch = main;
				kind = branch;
			};
		};
/* End XCRemoteSwiftPackageReference section */

/* Begin XCSwiftPackageProductDependency section */
		BB5BB13F29B0F1CC00675506 /* Popen */ = {
			isa = XCSwiftPackageProductDependency;
			package = BB5BB13E29B0F1CC00675506 /* XCRemoteSwiftPackageReference "Popen" */;
			productName = Popen;
		};
/* End XCSwiftPackageProductDependency section */
	};
	rootObject = BBA0E223292A4FDF00A7E1B5 /* Project object */;
}
